
Microsoft Visual Studio Solution File, Format Version 12.00
# Visual Studio Version 17
VisualStudioVersion = 17.5.33516.290
MinimumVisualStudioVersion = 10.0.40219.1
Project("{FAE04EC0-301F-11D3-BF4B-00C04F79EFBC}") = "Lesson8", "Lesson8\Lesson8.csproj", "{C832C59D-0969-4E19-B4BF-EE45DD7AC81C}"
EndProject
Global
	GlobalSection(SolutionConfigurationPlatforms) = preSolution
		Debug|Any CPU = Debug|Any CPU
		Release|Any CPU = Release|Any CPU
	EndGlobalSection
	GlobalSection(ProjectConfigurationPlatforms) = postSolution
		{C832C59D-0969-4E19-B4BF-EE45DD7AC81C}.Debug|Any CPU.ActiveCfg = Debug|Any CPU
		{C832C59D-0969-4E19-B4BF-EE45DD7AC81C}.Debug|Any CPU.Build.0 = Debug|Any CPU
		{C832C59D-0969-4E19-B4BF-EE45DD7AC81C}.Release|Any CPU.ActiveCfg = Release|Any CPU
		{C832C59D-0969-4E19-B4BF-EE45DD7AC81C}.Release|Any CPU.Build.0 = Release|Any CPU
	EndGlobalSection
	GlobalSection(SolutionProperties) = preSolution
		HideSolutionNode = FALSE
	EndGlobalSection
	GlobalSection(ExtensibilityGlobals) = postSolution
		SolutionGuid = {61EE208F-288B-474A-A880-8A78D366969E}
	EndGlobalSection
EndGlobal
