
Microsoft Visual Studio Solution File, Format Version 12.00
# Visual Studio Version 17
VisualStudioVersion = 17.3.32811.315
MinimumVisualStudioVersion = 10.0.40219.1
Project("{FAE04EC0-301F-11D3-BF4B-00C04F79EFBC}") = "Lesson5", "Lesson5\Lesson5.csproj", "{C7F78F91-BEA0-4C03-8AD0-8E639BB806C2}"
EndProject
Global
	GlobalSection(SolutionConfigurationPlatforms) = preSolution
		Debug|Any CPU = Debug|Any CPU
		Release|Any CPU = Release|Any CPU
	EndGlobalSection
	GlobalSection(ProjectConfigurationPlatforms) = postSolution
		{C7F78F91-BEA0-4C03-8AD0-8E639BB806C2}.Debug|Any CPU.ActiveCfg = Debug|Any CPU
		{C7F78F91-BEA0-4C03-8AD0-8E639BB806C2}.Debug|Any CPU.Build.0 = Debug|Any CPU
		{C7F78F91-BEA0-4C03-8AD0-8E639BB806C2}.Release|Any CPU.ActiveCfg = Release|Any CPU
		{C7F78F91-BEA0-4C03-8AD0-8E639BB806C2}.Release|Any CPU.Build.0 = Release|Any CPU
	EndGlobalSection
	GlobalSection(SolutionProperties) = preSolution
		HideSolutionNode = FALSE
	EndGlobalSection
	GlobalSection(ExtensibilityGlobals) = postSolution
		SolutionGuid = {3D1F814B-61DB-41B0-9718-334D66659E88}
	EndGlobalSection
EndGlobal
